
Microsoft Visual Studio Solution File, Format Version 12.00
# Visual Studio 15
VisualStudioVersion = 15.0.27130.2010
MinimumVisualStudioVersion = 10.0.40219.1
Project("{FAE04EC0-301F-11D3-BF4B-00C04F79EFBC}") = "Calculator", "Calculator\Calculator.csproj", "{FFC01DE7-94C1-4CFB-B70C-4A4935299464}"
EndProject
Global
	GlobalSection(SolutionConfigurationPlatforms) = preSolution
		Debug|Any CPU = Debug|Any CPU
		Release|Any CPU = Release|Any CPU
	EndGlobalSection
	GlobalSection(ProjectConfigurationPlatforms) = postSolution
		{FFC01DE7-94C1-4CFB-B70C-4A4935299464}.Debug|Any CPU.ActiveCfg = Debug|Any CPU
		{FFC01DE7-94C1-4CFB-B70C-4A4935299464}.Debug|Any CPU.Build.0 = Debug|Any CPU
		{FFC01DE7-94C1-4CFB-B70C-4A4935299464}.Release|Any CPU.ActiveCfg = Release|Any CPU
		{FFC01DE7-94C1-4CFB-B70C-4A4935299464}.Release|Any CPU.Build.0 = Release|Any CPU
	EndGlobalSection
	GlobalSection(SolutionProperties) = preSolution
		HideSolutionNode = FALSE
	EndGlobalSection
	GlobalSection(ExtensibilityGlobals) = postSolution
		SolutionGuid = {8B4D33E7-5D30-425B-AA66-03E7511CB559}
	EndGlobalSection
EndGlobal
